
Microsoft Visual Studio Solution File, Format Version 12.00
# Visual Studio Version 16
VisualStudioVersion = 16.0.31702.278
MinimumVisualStudioVersion = 10.0.40219.1
Project("{FAE04EC0-301F-11D3-BF4B-00C04F79EFBC}") = "lefko", "lefko.csproj", "{9E207D61-D554-4ED4-AFD3-2DFC1911CE15}"
EndProject
Global
	GlobalSection(SolutionConfigurationPlatforms) = preSolution
		Debug|Any CPU = Debug|Any CPU
		Release|Any CPU = Release|Any CPU
	EndGlobalSection
	GlobalSection(ProjectConfigurationPlatforms) = postSolution
		{9E207D61-D554-4ED4-AFD3-2DFC1911CE15}.Debug|Any CPU.ActiveCfg = Debug|Any CPU
		{9E207D61-D554-4ED4-AFD3-2DFC1911CE15}.Debug|Any CPU.Build.0 = Debug|Any CPU
		{9E207D61-D554-4ED4-AFD3-2DFC1911CE15}.Release|Any CPU.ActiveCfg = Release|Any CPU
		{9E207D61-D554-4ED4-AFD3-2DFC1911CE15}.Release|Any CPU.Build.0 = Release|Any CPU
	EndGlobalSection
	GlobalSection(SolutionProperties) = preSolution
		HideSolutionNode = FALSE
	EndGlobalSection
	GlobalSection(ExtensibilityGlobals) = postSolution
		SolutionGuid = {7C36E1C0-ECDB-4329-99A1-EE09EE363049}
	EndGlobalSection
EndGlobal
